
Microsoft Visual Studio Solution File, Format Version 12.00
# Visual Studio Version 17
VisualStudioVersion = 17.2.32526.322
MinimumVisualStudioVersion = 10.0.40219.1
Project("{9A19103F-16F7-4668-BE54-9A1E7A4F7556}") = "JdkSwitcher", "JdkSwitcher\JdkSwitcher.csproj", "{5C7C50A3-3222-4C6F-BEEF-6ABB3E89FC31}"
EndProject
Project("{2150E333-8FDC-42A3-9474-1A3956D46DE8}") = "ソリューション項目", "ソリューション項目", "{B0F8EF8D-E2BA-4A79-91A7-8F28A8BCF25E}"
	ProjectSection(SolutionItems) = preProject
		azure-pipelines.yml = azure-pipelines.yml
	EndProjectSection
EndProject
Global
	GlobalSection(SolutionConfigurationPlatforms) = preSolution
		Debug|Any CPU = Debug|Any CPU
		Release|Any CPU = Release|Any CPU
	EndGlobalSection
	GlobalSection(ProjectConfigurationPlatforms) = postSolution
		{5C7C50A3-3222-4C6F-BEEF-6ABB3E89FC31}.Debug|Any CPU.ActiveCfg = Debug|Any CPU
		{5C7C50A3-3222-4C6F-BEEF-6ABB3E89FC31}.Debug|Any CPU.Build.0 = Debug|Any CPU
		{5C7C50A3-3222-4C6F-BEEF-6ABB3E89FC31}.Release|Any CPU.ActiveCfg = Release|Any CPU
		{5C7C50A3-3222-4C6F-BEEF-6ABB3E89FC31}.Release|Any CPU.Build.0 = Release|Any CPU
	EndGlobalSection
	GlobalSection(SolutionProperties) = preSolution
		HideSolutionNode = FALSE
	EndGlobalSection
	GlobalSection(ExtensibilityGlobals) = postSolution
		SolutionGuid = {F30085E6-40B8-4D88-AA32-8EB0EA70E41C}
	EndGlobalSection
EndGlobal
